// !$*UTF8*$!
{
	archiveVersion = 1;
	classes = {
	};
	objectVersion = 46;
	objects = {

/* Begin PBXBuildFile section */
		FFD30AFA1CBFEB59006DE031 /* main.m in Sources */ = {isa = PBXBuildFile; fileRef = FFD30AF91CBFEB59006DE031 /* main.m */; };
		FFD30AFD1CBFEB59006DE031 /* AppDelegate.m in Sources */ = {isa = PBXBuildFile; fileRef = FFD30AFC1CBFEB59006DE031 /* AppDelegate.m */; };
		FFD30B051CBFEB59006DE031 /* Assets.xcassets in Resources */ = {isa = PBXBuildFile; fileRef = FFD30B041CBFEB59006DE031 /* Assets.xcassets */; };
		FFD30B081CBFEB59006DE031 /* LaunchScreen.storyboard in Resources */ = {isa = PBXBuildFile; fileRef = FFD30B061CBFEB59006DE031 /* LaunchScreen.storyboard */; };
		FFD30B1A1CBFED5B006DE031 /* PCTabBarViewController.m in Sources */ = {isa = PBXBuildFile; fileRef = FFD30B141CBFED5B006DE031 /* PCTabBarViewController.m */; };
		FFD30B1B1CBFED5B006DE031 /* PCNavigationViewController.m in Sources */ = {isa = PBXBuildFile; fileRef = FFD30B161CBFED5B006DE031 /* PCNavigationViewController.m */; };
		FFD30B1C1CBFED5B006DE031 /* ViewController.m in Sources */ = {isa = PBXBuildFile; fileRef = FFD30B191CBFED5B006DE031 /* ViewController.m */; };
		FFD30B201CBFED98006DE031 /* UIImage+Creation.m in Sources */ = {isa = PBXBuildFile; fileRef = FFD30B1E1CBFED98006DE031 /* UIImage+Creation.m */; };
		FFFB4B591CBFF1BA00F09EAA /* MainPageViewController.m in Sources */ = {isa = PBXBuildFile; fileRef = FFFB4B571CBFF1BA00F09EAA /* MainPageViewController.m */; };
		FFFB4B5A1CBFF1BA00F09EAA /* MainPageViewController.xib in Resources */ = {isa = PBXBuildFile; fileRef = FFFB4B581CBFF1BA00F09EAA /* MainPageViewController.xib */; };
		FFFB4B5E1CBFF51300F09EAA /* WebViewController.m in Sources */ = {isa = PBXBuildFile; fileRef = FFFB4B5C1CBFF51300F09EAA /* WebViewController.m */; };
		FFFB4B5F1CBFF51300F09EAA /* WebViewController.xib in Resources */ = {isa = PBXBuildFile; fileRef = FFFB4B5D1CBFF51300F09EAA /* WebViewController.xib */; };
/* End PBXBuildFile section */

/* Begin PBXFileReference section */
		FFD30AF51CBFEB59006DE031 /* WeiShang.app */ = {isa = PBXFileReference; explicitFileType = wrapper.application; includeInIndex = 0; path = WeiShang.app; sourceTree = BUILT_PRODUCTS_DIR; };
		FFD30AF91CBFEB59006DE031 /* main.m */ = {isa = PBXFileReference; lastKnownFileType = sourcecode.c.objc; path = main.m; sourceTree = "<group>"; };
		FFD30AFB1CBFEB59006DE031 /* AppDelegate.h */ = {isa = PBXFileReference; lastKnownFileType = sourcecode.c.h; path = AppDelegate.h; sourceTree = "<group>"; };
		FFD30AFC1CBFEB59006DE031 /* AppDelegate.m */ = {isa = PBXFileReference; lastKnownFileType = sourcecode.c.objc; path = AppDelegate.m; sourceTree = "<group>"; };
		FFD30B041CBFEB59006DE031 /* Assets.xcassets */ = {isa = PBXFileReference; lastKnownFileType = folder.assetcatalog; path = Assets.xcassets; sourceTree = "<group>"; };
		FFD30B071CBFEB59006DE031 /* Base */ = {isa = PBXFileReference; lastKnownFileType = file.storyboard; name = Base; path = Base.lproj/LaunchScreen.storyboard; sourceTree = "<group>"; };
		FFD30B091CBFEB59006DE031 /* Info.plist */ = {isa = PBXFileReference; lastKnownFileType = text.plist.xml; path = Info.plist; sourceTree = "<group>"; };
		FFD30B141CBFED5B006DE031 /* PCTabBarViewController.m */ = {isa = PBXFileReference; fileEncoding = 4; lastKnownFileType = sourcecode.c.objc; name = PCTabBarViewController.m; path = Controllers/Common/PCTabBarViewController.m; sourceTree = "<group>"; };
		FFD30B151CBFED5B006DE031 /* PCNavigationViewController.h */ = {isa = PBXFileReference; fileEncoding = 4; lastKnownFileType = sourcecode.c.h; name = PCNavigationViewController.h; path = Controllers/Common/PCNavigationViewController.h; sourceTree = "<group>"; };
		FFD30B161CBFED5B006DE031 /* PCNavigationViewController.m */ = {isa = PBXFileReference; fileEncoding = 4; lastKnownFileType = sourcecode.c.objc; name = PCNavigationViewController.m; path = Controllers/Common/PCNavigationViewController.m; sourceTree = "<group>"; };
		FFD30B171CBFED5B006DE031 /* PCTabBarViewController.h */ = {isa = PBXFileReference; fileEncoding = 4; lastKnownFileType = sourcecode.c.h; name = PCTabBarViewController.h; path = Controllers/Common/PCTabBarViewController.h; sourceTree = "<group>"; };
		FFD30B181CBFED5B006DE031 /* ViewController.h */ = {isa = PBXFileReference; fileEncoding = 4; lastKnownFileType = sourcecode.c.h; name = ViewController.h; path = Controllers/Common/ViewController.h; sourceTree = "<group>"; };
		FFD30B191CBFED5B006DE031 /* ViewController.m */ = {isa = PBXFileReference; fileEncoding = 4; lastKnownFileType = sourcecode.c.objc; name = ViewController.m; path = Controllers/Common/ViewController.m; sourceTree = "<group>"; };
		FFD30B1E1CBFED98006DE031 /* UIImage+Creation.m */ = {isa = PBXFileReference; fileEncoding = 4; lastKnownFileType = sourcecode.c.objc; name = "UIImage+Creation.m"; path = "Views/Common/UIImage+Creation.m"; sourceTree = "<group>"; };
		FFD30B1F1CBFED98006DE031 /* UIImage+Creation.h */ = {isa = PBXFileReference; fileEncoding = 4; lastKnownFileType = sourcecode.c.h; name = "UIImage+Creation.h"; path = "Views/Common/UIImage+Creation.h"; sourceTree = "<group>"; };
		FFFB4B561CBFF1BA00F09EAA /* MainPageViewController.h */ = {isa = PBXFileReference; fileEncoding = 4; lastKnownFileType = sourcecode.c.h; name = MainPageViewController.h; path = Controllers/MainPage/MainPageViewController.h; sourceTree = "<group>"; };
		FFFB4B571CBFF1BA00F09EAA /* MainPageViewController.m */ = {isa = PBXFileReference; fileEncoding = 4; lastKnownFileType = sourcecode.c.objc; name = MainPageViewController.m; path = Controllers/MainPage/MainPageViewController.m; sourceTree = "<group>"; };
		FFFB4B581CBFF1BA00F09EAA /* MainPageViewController.xib */ = {isa = PBXFileReference; fileEncoding = 4; lastKnownFileType = file.xib; name = MainPageViewController.xib; path = Controllers/MainPage/MainPageViewController.xib; sourceTree = "<group>"; };
		FFFB4B5B1CBFF51300F09EAA /* WebViewController.h */ = {isa = PBXFileReference; fileEncoding = 4; lastKnownFileType = sourcecode.c.h; name = WebViewController.h; path = Controllers/MainPage/WebViewController.h; sourceTree = "<group>"; };
		FFFB4B5C1CBFF51300F09EAA /* WebViewController.m */ = {isa = PBXFileReference; fileEncoding = 4; lastKnownFileType = sourcecode.c.objc; name = WebViewController.m; path = Controllers/MainPage/WebViewController.m; sourceTree = "<group>"; };
		FFFB4B5D1CBFF51300F09EAA /* WebViewController.xib */ = {isa = PBXFileReference; fileEncoding = 4; lastKnownFileType = file.xib; name = WebViewController.xib; path = Controllers/MainPage/WebViewController.xib; sourceTree = "<group>"; };
/* End PBXFileReference section */

/* Begin PBXFrameworksBuildPhase section */
		FFD30AF21CBFEB59006DE031 /* Frameworks */ = {
			isa = PBXFrameworksBuildPhase;
			buildActionMask = 2147483647;
			files = (
			);
			runOnlyForDeploymentPostprocessing = 0;
		};
/* End PBXFrameworksBuildPhase section */

/* Begin PBXGroup section */
		FFD30AEC1CBFEB59006DE031 = {
			isa = PBXGroup;
			children = (
				FFD30AF71CBFEB59006DE031 /* WeiShang */,
				FFD30AF61CBFEB59006DE031 /* Products */,
			);
			sourceTree = "<group>";
		};
		FFD30AF61CBFEB59006DE031 /* Products */ = {
			isa = PBXGroup;
			children = (
				FFD30AF51CBFEB59006DE031 /* WeiShang.app */,
			);
			name = Products;
			sourceTree = "<group>";
		};
		FFD30AF71CBFEB59006DE031 /* WeiShang */ = {
			isa = PBXGroup;
			children = (
				FFD30B111CBFED0D006DE031 /* Models */,
				FFD30B101CBFECFC006DE031 /* Controllers */,
				FFD30B0F1CBFECED006DE031 /* Views */,
				FFD30AFB1CBFEB59006DE031 /* AppDelegate.h */,
				FFD30AFC1CBFEB59006DE031 /* AppDelegate.m */,
				FFD30B041CBFEB59006DE031 /* Assets.xcassets */,
				FFD30B061CBFEB59006DE031 /* LaunchScreen.storyboard */,
				FFD30B091CBFEB59006DE031 /* Info.plist */,
				FFD30AF81CBFEB59006DE031 /* Supporting Files */,
			);
			path = WeiShang;
			sourceTree = "<group>";
		};
		FFD30AF81CBFEB59006DE031 /* Supporting Files */ = {
			isa = PBXGroup;
			children = (
				FFD30AF91CBFEB59006DE031 /* main.m */,
			);
			name = "Supporting Files";
			sourceTree = "<group>";
		};
		FFD30B0F1CBFECED006DE031 /* Views */ = {
			isa = PBXGroup;
			children = (
				FFD30B1D1CBFED78006DE031 /* Common */,
			);
			name = Views;
			sourceTree = "<group>";
		};
		FFD30B101CBFECFC006DE031 /* Controllers */ = {
			isa = PBXGroup;
			children = (
				FFD30B121CBFED33006DE031 /* Common */,
				FFFB4B551CBFF14B00F09EAA /* MainPage */,
			);
			name = Controllers;
			sourceTree = "<group>";
		};
		FFD30B111CBFED0D006DE031 /* Models */ = {
			isa = PBXGroup;
			children = (
				FFFB4B541CBFF10600F09EAA /* DataSource */,
				FFFB4B531CBFF0F500F09EAA /* NetWork */,
				FFFB4B521CBFF0EE00F09EAA /* DAO */,
			);
			name = Models;
			sourceTree = "<group>";
		};
		FFD30B121CBFED33006DE031 /* Common */ = {
			isa = PBXGroup;
			children = (
				FFD30B171CBFED5B006DE031 /* PCTabBarViewController.h */,
				FFD30B141CBFED5B006DE031 /* PCTabBarViewController.m */,
				FFD30B151CBFED5B006DE031 /* PCNavigationViewController.h */,
				FFD30B161CBFED5B006DE031 /* PCNavigationViewController.m */,
				FFD30B181CBFED5B006DE031 /* ViewController.h */,
				FFD30B191CBFED5B006DE031 /* ViewController.m */,
			);
			name = Common;
			sourceTree = "<group>";
		};
		FFD30B1D1CBFED78006DE031 /* Common */ = {
			isa = PBXGroup;
			children = (
				FFD30B1E1CBFED98006DE031 /* UIImage+Creation.m */,
				FFD30B1F1CBFED98006DE031 /* UIImage+Creation.h */,
			);
			name = Common;
			sourceTree = "<group>";
		};
		FFFB4B521CBFF0EE00F09EAA /* DAO */ = {
			isa = PBXGroup;
			children = (
			);
			name = DAO;
			sourceTree = "<group>";
		};
		FFFB4B531CBFF0F500F09EAA /* NetWork */ = {
			isa = PBXGroup;
			children = (
			);
			name = NetWork;
			sourceTree = "<group>";
		};
		FFFB4B541CBFF10600F09EAA /* DataSource */ = {
			isa = PBXGroup;
			children = (
			);
			name = DataSource;
			sourceTree = "<group>";
		};
		FFFB4B551CBFF14B00F09EAA /* MainPage */ = {
			isa = PBXGroup;
			children = (
				FFFB4B561CBFF1BA00F09EAA /* MainPageViewController.h */,
				FFFB4B571CBFF1BA00F09EAA /* MainPageViewController.m */,
				FFFB4B581CBFF1BA00F09EAA /* MainPageViewController.xib */,
				FFFB4B5B1CBFF51300F09EAA /* WebViewController.h */,
				FFFB4B5C1CBFF51300F09EAA /* WebViewController.m */,
				FFFB4B5D1CBFF51300F09EAA /* WebViewController.xib */,
			);
			name = MainPage;
			sourceTree = "<group>";
		};
/* End PBXGroup section */

/* Begin PBXNativeTarget section */
		FFD30AF41CBFEB59006DE031 /* WeiShang */ = {
			isa = PBXNativeTarget;
			buildConfigurationList = FFD30B0C1CBFEB59006DE031 /* Build configuration list for PBXNativeTarget "WeiShang" */;
			buildPhases = (
				FFD30AF11CBFEB59006DE031 /* Sources */,
				FFD30AF21CBFEB59006DE031 /* Frameworks */,
				FFD30AF31CBFEB59006DE031 /* Resources */,
			);
			buildRules = (
			);
			dependencies = (
			);
			name = WeiShang;
			productName = WeiShang;
			productReference = FFD30AF51CBFEB59006DE031 /* WeiShang.app */;
			productType = "com.apple.product-type.application";
		};
/* End PBXNativeTarget section */

/* Begin PBXProject section */
		FFD30AED1CBFEB59006DE031 /* Project object */ = {
			isa = PBXProject;
			attributes = {
				LastUpgradeCheck = 0730;
				ORGANIZATIONNAME = "鄢彭超";
				TargetAttributes = {
					FFD30AF41CBFEB59006DE031 = {
						CreatedOnToolsVersion = 7.3;
					};
				};
			};
			buildConfigurationList = FFD30AF01CBFEB59006DE031 /* Build configuration list for PBXProject "WeiShang" */;
			compatibilityVersion = "Xcode 3.2";
			developmentRegion = English;
			hasScannedForEncodings = 0;
			knownRegions = (
				en,
				Base,
			);
			mainGroup = FFD30AEC1CBFEB59006DE031;
			productRefGroup = FFD30AF61CBFEB59006DE031 /* Products */;
			projectDirPath = "";
			projectRoot = "";
			targets = (
				FFD30AF41CBFEB59006DE031 /* WeiShang */,
			);
		};
/* End PBXProject section */

/* Begin PBXResourcesBuildPhase section */
		FFD30AF31CBFEB59006DE031 /* Resources */ = {
			isa = PBXResourcesBuildPhase;
			buildActionMask = 2147483647;
			files = (
				FFD30B081CBFEB59006DE031 /* LaunchScreen.storyboard in Resources */,
				FFFB4B5A1CBFF1BA00F09EAA /* MainPageViewController.xib in Resources */,
				FFD30B051CBFEB59006DE031 /* Assets.xcassets in Resources */,
				FFFB4B5F1CBFF51300F09EAA /* WebViewController.xib in Resources */,
			);
			runOnlyForDeploymentPostprocessing = 0;
		};
/* End PBXResourcesBuildPhase section */

/* Begin PBXSourcesBuildPhase section */
		FFD30AF11CBFEB59006DE031 /* Sources */ = {
			isa = PBXSourcesBuildPhase;
			buildActionMask = 2147483647;
			files = (
				FFD30B201CBFED98006DE031 /* UIImage+Creation.m in Sources */,
				FFD30AFD1CBFEB59006DE031 /* AppDelegate.m in Sources */,
				FFD30B1B1CBFED5B006DE031 /* PCNavigationViewController.m in Sources */,
				FFFB4B5E1CBFF51300F09EAA /* WebViewController.m in Sources */,
				FFD30AFA1CBFEB59006DE031 /* main.m in Sources */,
				FFFB4B591CBFF1BA00F09EAA /* MainPageViewController.m in Sources */,
				FFD30B1A1CBFED5B006DE031 /* PCTabBarViewController.m in Sources */,
				FFD30B1C1CBFED5B006DE031 /* ViewController.m in Sources */,
			);
			runOnlyForDeploymentPostprocessing = 0;
		};
/* End PBXSourcesBuildPhase section */

/* Begin PBXVariantGroup section */
		FFD30B061CBFEB59006DE031 /* LaunchScreen.storyboard */ = {
			isa = PBXVariantGroup;
			children = (
				FFD30B071CBFEB59006DE031 /* Base */,
			);
			name = LaunchScreen.storyboard;
			sourceTree = "<group>";
		};
/* End PBXVariantGroup section */

/* Begin XCBuildConfiguration section */
		FFD30B0A1CBFEB59006DE031 /* Debug */ = {
			isa = XCBuildConfiguration;
			buildSettings = {
				ALWAYS_SEARCH_USER_PATHS = NO;
				CLANG_ANALYZER_NONNULL = YES;
				CLANG_CXX_LANGUAGE_STANDARD = "gnu++0x";
				CLANG_CXX_LIBRARY = "libc++";
				CLANG_ENABLE_MODULES = YES;
				CLANG_ENABLE_OBJC_ARC = YES;
				CLANG_WARN_BOOL_CONVERSION = YES;
				CLANG_WARN_CONSTANT_CONVERSION = YES;
				CLANG_WARN_DIRECT_OBJC_ISA_USAGE = YES_ERROR;
				CLANG_WARN_EMPTY_BODY = YES;
				CLANG_WARN_ENUM_CONVERSION = YES;
				CLANG_WARN_INT_CONVERSION = YES;
				CLANG_WARN_OBJC_ROOT_CLASS = YES_ERROR;
				CLANG_WARN_UNREACHABLE_CODE = YES;
				CLANG_WARN__DUPLICATE_METHOD_MATCH = YES;
				"CODE_SIGN_IDENTITY[sdk=iphoneos*]" = "iPhone Developer";
				COPY_PHASE_STRIP = NO;
				DEBUG_INFORMATION_FORMAT = dwarf;
				ENABLE_STRICT_OBJC_MSGSEND = YES;
				ENABLE_TESTABILITY = YES;
				GCC_C_LANGUAGE_STANDARD = gnu99;
				GCC_DYNAMIC_NO_PIC = NO;
				GCC_NO_COMMON_BLOCKS = YES;
				GCC_OPTIMIZATION_LEVEL = 0;
				GCC_PREPROCESSOR_DEFINITIONS = (
					"DEBUG=1",
					"$(inherited)",
				);
				GCC_WARN_64_TO_32_BIT_CONVERSION = YES;
				GCC_WARN_ABOUT_RETURN_TYPE = YES_ERROR;
				GCC_WARN_UNDECLARED_SELECTOR = YES;
				GCC_WARN_UNINITIALIZED_AUTOS = YES_AGGRESSIVE;
				GCC_WARN_UNUSED_FUNCTION = YES;
				GCC_WARN_UNUSED_VARIABLE = YES;
				IPHONEOS_DEPLOYMENT_TARGET = 9.3;
				MTL_ENABLE_DEBUG_INFO = YES;
				ONLY_ACTIVE_ARCH = YES;
				SDKROOT = iphoneos;
			};
			name = Debug;
		};
		FFD30B0B1CBFEB59006DE031 /* Release */ = {
			isa = XCBuildConfiguration;
			buildSettings = {
				ALWAYS_SEARCH_USER_PATHS = NO;
				CLANG_ANALYZER_NONNULL = YES;
				CLANG_CXX_LANGUAGE_STANDARD = "gnu++0x";
				CLANG_CXX_LIBRARY = "libc++";
				CLANG_ENABLE_MODULES = YES;
				CLANG_ENABLE_OBJC_ARC = YES;
				CLANG_WARN_BOOL_CONVERSION = YES;
				CLANG_WARN_CONSTANT_CONVERSION = YES;
				CLANG_WARN_DIRECT_OBJC_ISA_USAGE = YES_ERROR;
				CLANG_WARN_EMPTY_BODY = YES;
				CLANG_WARN_ENUM_CONVERSION = YES;
				CLANG_WARN_INT_CONVERSION = YES;
				CLANG_WARN_OBJC_ROOT_CLASS = YES_ERROR;
				CLANG_WARN_UNREACHABLE_CODE = YES;
				CLANG_WARN__DUPLICATE_METHOD_MATCH = YES;
				"CODE_SIGN_IDENTITY[sdk=iphoneos*]" = "iPhone Developer";
				COPY_PHASE_STRIP = NO;
				DEBUG_INFORMATION_FORMAT = "dwarf-with-dsym";
				ENABLE_NS_ASSERTIONS = NO;
				ENABLE_STRICT_OBJC_MSGSEND = YES;
				GCC_C_LANGUAGE_STANDARD = gnu99;
				GCC_NO_COMMON_BLOCKS = YES;
				GCC_WARN_64_TO_32_BIT_CONVERSION = YES;
				GCC_WARN_ABOUT_RETURN_TYPE = YES_ERROR;
				GCC_WARN_UNDECLARED_SELECTOR = YES;
				GCC_WARN_UNINITIALIZED_AUTOS = YES_AGGRESSIVE;
				GCC_WARN_UNUSED_FUNCTION = YES;
				GCC_WARN_UNUSED_VARIABLE = YES;
				IPHONEOS_DEPLOYMENT_TARGET = 9.3;
				MTL_ENABLE_DEBUG_INFO = NO;
				SDKROOT = iphoneos;
				VALIDATE_PRODUCT = YES;
			};
			name = Release;
		};
		FFD30B0D1CBFEB59006DE031 /* Debug */ = {
			isa = XCBuildConfiguration;
			buildSettings = {
				ASSETCATALOG_COMPILER_APPICON_NAME = AppIcon;
				INFOPLIST_FILE = WeiShang/Info.plist;
				IPHONEOS_DEPLOYMENT_TARGET = 8.0;
				LD_RUNPATH_SEARCH_PATHS = "$(inherited) @executable_path/Frameworks";
				PRODUCT_BUNDLE_IDENTIFIER = com.pc.WeiShang;
				PRODUCT_NAME = "$(TARGET_NAME)";
			};
			name = Debug;
		};
		FFD30B0E1CBFEB59006DE031 /* Release */ = {
			isa = XCBuildConfiguration;
			buildSettings = {
				ASSETCATALOG_COMPILER_APPICON_NAME = AppIcon;
				INFOPLIST_FILE = WeiShang/Info.plist;
				IPHONEOS_DEPLOYMENT_TARGET = 8.0;
				LD_RUNPATH_SEARCH_PATHS = "$(inherited) @executable_path/Frameworks";
				PRODUCT_BUNDLE_IDENTIFIER = com.pc.WeiShang;
				PRODUCT_NAME = "$(TARGET_NAME)";
			};
			name = Release;
		};
/* End XCBuildConfiguration section */

/* Begin XCConfigurationList section */
		FFD30AF01CBFEB59006DE031 /* Build configuration list for PBXProject "WeiShang" */ = {
			isa = XCConfigurationList;
			buildConfigurations = (
				FFD30B0A1CBFEB59006DE031 /* Debug */,
				FFD30B0B1CBFEB59006DE031 /* Release */,
			);
			defaultConfigurationIsVisible = 0;
			defaultConfigurationName = Release;
		};
		FFD30B0C1CBFEB59006DE031 /* Build configuration list for PBXNativeTarget "WeiShang" */ = {
			isa = XCConfigurationList;
			buildConfigurations = (
				FFD30B0D1CBFEB59006DE031 /* Debug */,
				FFD30B0E1CBFEB59006DE031 /* Release */,
			);
			defaultConfigurationIsVisible = 0;
			defaultConfigurationName = Release;
		};
/* End XCConfigurationList section */
	};
	rootObject = FFD30AED1CBFEB59006DE031 /* Project object */;
}
