PODS:
  - AFNetworking (2.6.3):
    - AFNetworking/NSURLConnection (= 2.6.3)
    - AFNetworking/NSURLSession (= 2.6.3)
    - AFNetworking/Reachability (= 2.6.3)
    - AFNetworking/Security (= 2.6.3)
    - AFNetworking/Serialization (= 2.6.3)
    - AFNetworking/UIKit (= 2.6.3)
  - AFNetworking/NSURLConnection (2.6.3):
    - AFNetworking/Reachability
    - AFNetworking/Security
    - AFNetworking/Serialization
  - AFNetworking/NSURLSession (2.6.3):
    - AFNetworking/Reachability
    - AFNetworking/Security
    - AFNetworking/Serialization
  - AFNetworking/Reachability (2.6.3)
  - AFNetworking/Security (2.6.3)
  - AFNetworking/Serialization (2.6.3)
  - AFNetworking/UIKit (2.6.3):
    - AFNetworking/NSURLConnection
    - AFNetworking/NSURLSession
  - APAddressBook (0.2.1):
    - APAddressBook/Core (= 0.2.1)
  - APAddressBook/Core (0.2.1)
  - CocoaLumberjack (2.3.0):
    - CocoaLumberjack/Default (= 2.3.0)
    - CocoaLumberjack/Extensions (= 2.3.0)
  - CocoaLumberjack/Core (2.3.0)
  - CocoaLumberjack/Default (2.3.0):
    - CocoaLumberjack/Core
  - CocoaLumberjack/Extensions (2.3.0):
    - CocoaLumberjack/Default
  - DFCommon (1.3.9):
    - AFNetworking (~> 2.6.0)
    - FMDB (~> 2.5)
    - MBProgressHUD (~> 0.9.1)
    - MJPhotoBrowser (~> 1.0.2)
    - MJRefresh (~> 2.4.11)
    - MLLabel (~> 1.7)
    - MMPopupView
    - ODRefreshControl (~> 1.2)
    - SDWebImage (~> 3.7.3)
    - TZImagePickerController
  - DFTimelineView (1.3.3):
    - AFNetworking (~> 2.6.0)
    - DFCommon (~> 1.3.7)
    - FMDB (~> 2.5)
    - MBProgressHUD (~> 0.9.1)
    - MJPhotoBrowser (~> 1.0.2)
    - MJRefresh (~> 2.4.11)
    - MLLabel (~> 1.7)
    - MMPopupView
    - ODRefreshControl (~> 1.2)
    - SDWebImage (~> 3.7.3)
    - TZImagePickerController
  - FMDB (2.6.2):
    - FMDB/standard (= 2.6.2)
  - FMDB/standard (2.6.2)
  - Masonry (1.0.0)
  - MBProgressHUD (0.9.2)
  - MJPhotoBrowser (1.0.2):
    - SDWebImage
    - SVProgressHUD
    - YLGIFImage
  - MJRefresh (2.4.12)
  - MLLabel (1.9.1)
  - MMPopupView (1.7.2):
    - Masonry
  - NinaPagerView (0.6)
  - ODRefreshControl (1.2)
  - SDWebImage (3.7.5):
    - SDWebImage/Core (= 3.7.5)
  - SDWebImage/Core (3.7.5)
  - SVProgressHUD (2.0.3)
  - TZImagePickerController (1.3.2)
  - YLGIFImage (0.11)
  - ZLPeoplePickerViewController (0.2.0):
    - APAddressBook (= 0.2.1)

DEPENDENCIES:
  - CocoaLumberjack
  - DFTimelineView
  - NinaPagerView
  - ZLPeoplePickerViewController

SPEC CHECKSUMS:
  AFNetworking: cb8d14a848e831097108418f5d49217339d4eb60
  APAddressBook: 90c0fb07579a47e10ef1a2344e23cfd35f388bec
  CocoaLumberjack: 97fab7ee5f507fe54445cca7ea80f926729cfd15
  DFCommon: 4ed8395c63a40852bd071d33cb4a298e86399b66
  DFTimelineView: 7af16c6a9148ff0ac9c968f36eb366007a99637b
  FMDB: 854a0341b4726e53276f2a8996f06f1b80f9259a
  Masonry: b529bb169217897b6354d4b56b1fada6d475b13d
  MBProgressHUD: 1569cf7ace17a8bac47aabfbb8580a49690386d1
  MJPhotoBrowser: f55e8490231f44a78ca6455105a1c798a142c95f
  MJRefresh: ca8e9589895977df32d379d46e6b8a5450b3ff44
  MLLabel: 086ecaa4101505c166950cff986a3edcbcfb1c27
  MMPopupView: fe1dd010824029dfb632fdf1a531db5dd5386020
  NinaPagerView: 3de3b9e29cdddd31692f198de02fc6c1dab9804f
  ODRefreshControl: 907e6149d72dde488d5917ccfabee5bd8d711a20
  SDWebImage: 69c6303e3348fba97e03f65d65d4fbc26740f461
  SVProgressHUD: b0830714205bea1317ea1a2ebc71e5633af334d4
  TZImagePickerController: 9cfdcadbf05bfbcb3c47436d4117e5cb0fe7bacb
  YLGIFImage: c0ae132fe80e5282b2762a97d14e23ba71a748ae
  ZLPeoplePickerViewController: 0666f4153ba3086e462cfc8a73ad20cdf39da908

COCOAPODS: 0.39.0
